
Microsoft Visual Studio Solution File, Format Version 12.00
# Visual Studio Version 16
VisualStudioVersion = 16.0.30114.105
MinimumVisualStudioVersion = 10.0.40219.1
Project("{FAE04EC0-301F-11D3-BF4B-00C04F79EFBC}") = "ProyectoVectores", "ProyectoVectores\ProyectoVectores.csproj", "{B9008A01-A29A-4DD3-8ADC-382D60CAA14A}"
EndProject
Global
	GlobalSection(SolutionConfigurationPlatforms) = preSolution
		Debug|Any CPU = Debug|Any CPU
		Release|Any CPU = Release|Any CPU
	EndGlobalSection
	GlobalSection(ProjectConfigurationPlatforms) = postSolution
		{B9008A01-A29A-4DD3-8ADC-382D60CAA14A}.Debug|Any CPU.ActiveCfg = Debug|Any CPU
		{B9008A01-A29A-4DD3-8ADC-382D60CAA14A}.Debug|Any CPU.Build.0 = Debug|Any CPU
		{B9008A01-A29A-4DD3-8ADC-382D60CAA14A}.Release|Any CPU.ActiveCfg = Release|Any CPU
		{B9008A01-A29A-4DD3-8ADC-382D60CAA14A}.Release|Any CPU.Build.0 = Release|Any CPU
	EndGlobalSection
	GlobalSection(SolutionProperties) = preSolution
		HideSolutionNode = FALSE
	EndGlobalSection
	GlobalSection(ExtensibilityGlobals) = postSolution
		SolutionGuid = {E12B01B8-D3F1-4421-B706-BCC893C2EB27}
	EndGlobalSection
EndGlobal
